// !$*UTF8*$!
{
	archiveVersion = 1;
	classes = {
	};
	objectVersion = 77;
	objects = {

/* Begin PBXBuildFile section */
		AA001A0C2F60B4AE00BE602F /* DreamingWidget.appex in Embed Foundation Extensions */ = {isa = PBXBuildFile; fileRef = AA001A002F60B4AE00BE602F /* DreamingWidget.appex */; settings = {ATTRIBUTES = (RemoveHeadersOnCopy, ); }; };
		BB001A0D2F70000000BE602F /* DreamingWatchWidget.appex in Embed Watch Extensions */ = {isa = PBXBuildFile; fileRef = CC001A092F70000000BE602F /* DreamingWatchWidget.appex */; settings = {ATTRIBUTES = (RemoveHeadersOnCopy, ); }; };
		EE001A042F70000000BE602F /* DreamingWatchApp.app in Embed Watch Content */ = {isa = PBXBuildFile; fileRef = BB001A092F70000000BE602F /* DreamingWatchApp.app */; settings = {ATTRIBUTES = (RemoveHeadersOnCopy, ); }; };
/* End PBXBuildFile section */

/* Begin PBXContainerItemProxy section */
		AA001A092F60B4AE00BE602F /* PBXContainerItemProxy */ = {
			isa = PBXContainerItemProxy;
			containerPortal = D39D18F72F60B4AE00BE602F /* Project object */;
			proxyType = 1;
			remoteGlobalIDString = AA001A052F60B4AE00BE602F;
			remoteInfo = DreamingWidget;
		};
		BB001A0C2F70000000BE602F /* PBXContainerItemProxy */ = {
			isa = PBXContainerItemProxy;
			containerPortal = D39D18F72F60B4AE00BE602F /* Project object */;
			proxyType = 1;
			remoteGlobalIDString = CC001A052F70000000BE602F;
			remoteInfo = DreamingWatchWidget;
		};
		EE001A072F70000000BE602F /* PBXContainerItemProxy */ = {
			isa = PBXContainerItemProxy;
			containerPortal = D39D18F72F60B4AE00BE602F /* Project object */;
			proxyType = 1;
			remoteGlobalIDString = BB001A052F70000000BE602F;
			remoteInfo = DreamingWatchApp;
		};
/* End PBXContainerItemProxy section */

/* Begin PBXCopyFilesBuildPhase section */
		AA001A0B2F60B4AE00BE602F /* Embed Foundation Extensions */ = {
			isa = PBXCopyFilesBuildPhase;
			buildActionMask = 2147483647;
			dstPath = "";
			dstSubfolderSpec = 13;
			files = (
				AA001A0C2F60B4AE00BE602F /* DreamingWidget.appex in Embed Foundation Extensions */,
			);
			name = "Embed Foundation Extensions";
			runOnlyForDeploymentPostprocessing = 0;
		};
		BB001A0A2F70000000BE602F /* Embed Watch Extensions */ = {
			isa = PBXCopyFilesBuildPhase;
			buildActionMask = 2147483647;
			dstPath = "";
			dstSubfolderSpec = 13;
			files = (
				BB001A0D2F70000000BE602F /* DreamingWatchWidget.appex in Embed Watch Extensions */,
			);
			name = "Embed Watch Extensions";
			runOnlyForDeploymentPostprocessing = 0;
		};
		EE001A052F70000000BE602F /* Embed Watch Content */ = {
			isa = PBXCopyFilesBuildPhase;
			buildActionMask = 2147483647;
			dstPath = "$(CONTENTS_FOLDER_PATH)/Watch";
			dstSubfolderSpec = 16;
			files = (
				EE001A042F70000000BE602F /* DreamingWatchApp.app in Embed Watch Content */,
			);
			name = "Embed Watch Content";
			runOnlyForDeploymentPostprocessing = 0;
		};
/* End PBXCopyFilesBuildPhase section */

/* Begin PBXFileReference section */
		AA001A002F60B4AE00BE602F /* DreamingWidget.appex */ = {isa = PBXFileReference; explicitFileType = "wrapper.app-extension"; includeInIndex = 0; path = DreamingWidget.appex; sourceTree = BUILT_PRODUCTS_DIR; };
		BB001A092F70000000BE602F /* DreamingWatchApp.app */ = {isa = PBXFileReference; explicitFileType = wrapper.application; includeInIndex = 0; path = DreamingWatchApp.app; sourceTree = BUILT_PRODUCTS_DIR; };
		CC001A092F70000000BE602F /* DreamingWatchWidget.appex */ = {isa = PBXFileReference; explicitFileType = "wrapper.app-extension"; includeInIndex = 0; path = DreamingWatchWidget.appex; sourceTree = BUILT_PRODUCTS_DIR; };
		D39D18FF2F60B4AE00BE602F /* Dreaming spanish widget.app */ = {isa = PBXFileReference; explicitFileType = wrapper.application; includeInIndex = 0; path = "Dreaming spanish widget.app"; sourceTree = BUILT_PRODUCTS_DIR; };
/* End PBXFileReference section */

/* Begin PBXFileSystemSynchronizedBuildFileExceptionSet section */
		AA001A0D2F60B4AE00BE602F /* Exceptions for "Dreaming spanish widget" folder in "DreamingWidget" target */ = {
			isa = PBXFileSystemSynchronizedBuildFileExceptionSet;
			membershipExceptions = (
				ProgressData.swift,
			);
			target = AA001A052F60B4AE00BE602F /* DreamingWidget */;
		};
		BB001A0F2F70000000BE602F /* Exceptions for "DreamingWatchApp" folder in "DreamingWatchWidget" target */ = {
			isa = PBXFileSystemSynchronizedBuildFileExceptionSet;
			membershipExceptions = (
				WatchProgressData.swift,
			);
			target = CC001A052F70000000BE602F /* DreamingWatchWidget */;
		};
		BB001A102F70000000BE602F /* Exceptions for "DreamingWatchApp" folder in "Dreaming spanish widget" target */ = {
			isa = PBXFileSystemSynchronizedBuildFileExceptionSet;
			membershipExceptions = (
				WatchProgressData.swift,
			);
			target = D39D18FE2F60B4AE00BE602F /* Dreaming spanish widget */;
		};
/* End PBXFileSystemSynchronizedBuildFileExceptionSet section */

/* Begin PBXFileSystemSynchronizedRootGroup section */
		AA001A012F60B4AE00BE602F /* DreamingWidget */ = {
			isa = PBXFileSystemSynchronizedRootGroup;
			path = DreamingWidget;
			sourceTree = "<group>";
		};
		BB001A012F70000000BE602F /* DreamingWatchApp */ = {
			isa = PBXFileSystemSynchronizedRootGroup;
			exceptions = (
				BB001A102F70000000BE602F /* Exceptions for "DreamingWatchApp" folder in "Dreaming spanish widget" target */,
				BB001A0F2F70000000BE602F /* Exceptions for "DreamingWatchApp" folder in "DreamingWatchWidget" target */,
			);
			path = DreamingWatchApp;
			sourceTree = "<group>";
		};
		CC001A012F70000000BE602F /* DreamingWatchWidget */ = {
			isa = PBXFileSystemSynchronizedRootGroup;
			path = DreamingWatchWidget;
			sourceTree = "<group>";
		};
		D39D19012F60B4AE00BE602F /* Dreaming spanish widget */ = {
			isa = PBXFileSystemSynchronizedRootGroup;
			exceptions = (
				AA001A0D2F60B4AE00BE602F /* Exceptions for "Dreaming spanish widget" folder in "DreamingWidget" target */,
			);
			path = "Dreaming spanish widget";
			sourceTree = "<group>";
		};
/* End PBXFileSystemSynchronizedRootGroup section */

/* Begin PBXFrameworksBuildPhase section */
		AA001A032F60B4AE00BE602F /* Frameworks */ = {
			isa = PBXFrameworksBuildPhase;
			buildActionMask = 2147483647;
			files = (
			);
			runOnlyForDeploymentPostprocessing = 0;
		};
		BB001A032F70000000BE602F /* Frameworks */ = {
			isa = PBXFrameworksBuildPhase;
			buildActionMask = 2147483647;
			files = (
			);
			runOnlyForDeploymentPostprocessing = 0;
		};
		CC001A032F70000000BE602F /* Frameworks */ = {
			isa = PBXFrameworksBuildPhase;
			buildActionMask = 2147483647;
			files = (
			);
			runOnlyForDeploymentPostprocessing = 0;
		};
		D39D18FC2F60B4AE00BE602F /* Frameworks */ = {
			isa = PBXFrameworksBuildPhase;
			buildActionMask = 2147483647;
			files = (
			);
			runOnlyForDeploymentPostprocessing = 0;
		};
/* End PBXFrameworksBuildPhase section */

/* Begin PBXGroup section */
		D39D18F62F60B4AE00BE602F = {
			isa = PBXGroup;
			children = (
				D39D19012F60B4AE00BE602F /* Dreaming spanish widget */,
				AA001A012F60B4AE00BE602F /* DreamingWidget */,
				BB001A012F70000000BE602F /* DreamingWatchApp */,
				CC001A012F70000000BE602F /* DreamingWatchWidget */,
				D39D19002F60B4AE00BE602F /* Products */,
			);
			sourceTree = "<group>";
		};
		D39D19002F60B4AE00BE602F /* Products */ = {
			isa = PBXGroup;
			children = (
				D39D18FF2F60B4AE00BE602F /* Dreaming spanish widget.app */,
				AA001A002F60B4AE00BE602F /* DreamingWidget.appex */,
				BB001A092F70000000BE602F /* DreamingWatchApp.app */,
				CC001A092F70000000BE602F /* DreamingWatchWidget.appex */,
			);
			name = Products;
			sourceTree = "<group>";
		};
/* End PBXGroup section */

/* Begin PBXNativeTarget section */
		AA001A052F60B4AE00BE602F /* DreamingWidget */ = {
			isa = PBXNativeTarget;
			buildConfigurationList = AA001A082F60B4AE00BE602F /* Build configuration list for PBXNativeTarget "DreamingWidget" */;
			buildPhases = (
				AA001A022F60B4AE00BE602F /* Sources */,
				AA001A032F60B4AE00BE602F /* Frameworks */,
				AA001A042F60B4AE00BE602F /* Resources */,
				AA001A0F2F60B4AE00BE602F /* Inject NSExtension into Info.plist */,
			);
			buildRules = (
			);
			dependencies = (
			);
			fileSystemSynchronizedGroups = (
				AA001A012F60B4AE00BE602F /* DreamingWidget */,
			);
			name = DreamingWidget;
			packageProductDependencies = (
			);
			productName = DreamingWidget;
			productReference = AA001A002F60B4AE00BE602F /* DreamingWidget.appex */;
			productType = "com.apple.product-type.app-extension";
		};
		BB001A052F70000000BE602F /* DreamingWatchApp */ = {
			isa = PBXNativeTarget;
			buildConfigurationList = BB001A082F70000000BE602F /* Build configuration list for PBXNativeTarget "DreamingWatchApp" */;
			buildPhases = (
				BB001A022F70000000BE602F /* Sources */,
				BB001A032F70000000BE602F /* Frameworks */,
				BB001A042F70000000BE602F /* Resources */,
				BB001A0A2F70000000BE602F /* Embed Watch Extensions */,
			);
			buildRules = (
			);
			dependencies = (
				BB001A0B2F70000000BE602F /* PBXTargetDependency */,
			);
			fileSystemSynchronizedGroups = (
				BB001A012F70000000BE602F /* DreamingWatchApp */,
			);
			name = DreamingWatchApp;
			packageProductDependencies = (
			);
			productName = DreamingWatchApp;
			productReference = BB001A092F70000000BE602F /* DreamingWatchApp.app */;
			productType = "com.apple.product-type.application";
		};
		CC001A052F70000000BE602F /* DreamingWatchWidget */ = {
			isa = PBXNativeTarget;
			buildConfigurationList = CC001A082F70000000BE602F /* Build configuration list for PBXNativeTarget "DreamingWatchWidget" */;
			buildPhases = (
				CC001A022F70000000BE602F /* Sources */,
				CC001A032F70000000BE602F /* Frameworks */,
				CC001A042F70000000BE602F /* Resources */,
				CC001A0A2F70000000BE602F /* Inject NSExtension into Info.plist */,
			);
			buildRules = (
			);
			dependencies = (
			);
			fileSystemSynchronizedGroups = (
				CC001A012F70000000BE602F /* DreamingWatchWidget */,
			);
			name = DreamingWatchWidget;
			packageProductDependencies = (
			);
			productName = DreamingWatchWidget;
			productReference = CC001A092F70000000BE602F /* DreamingWatchWidget.appex */;
			productType = "com.apple.product-type.app-extension";
		};
		D39D18FE2F60B4AE00BE602F /* Dreaming spanish widget */ = {
			isa = PBXNativeTarget;
			buildConfigurationList = D39D190A2F60B4AF00BE602F /* Build configuration list for PBXNativeTarget "Dreaming spanish widget" */;
			buildPhases = (
				D39D18FB2F60B4AE00BE602F /* Sources */,
				D39D18FC2F60B4AE00BE602F /* Frameworks */,
				D39D18FD2F60B4AE00BE602F /* Resources */,
				AA001A0B2F60B4AE00BE602F /* Embed Foundation Extensions */,
				EE001A052F70000000BE602F /* Embed Watch Content */,
			);
			buildRules = (
			);
			dependencies = (
				AA001A0A2F60B4AE00BE602F /* PBXTargetDependency */,
				EE001A062F70000000BE602F /* PBXTargetDependency */,
			);
			fileSystemSynchronizedGroups = (
				D39D19012F60B4AE00BE602F /* Dreaming spanish widget */,
			);
			name = "Dreaming spanish widget";
			packageProductDependencies = (
			);
			productName = "Dreaming spanis widget";
			productReference = D39D18FF2F60B4AE00BE602F /* Dreaming spanish widget.app */;
			productType = "com.apple.product-type.application";
		};
/* End PBXNativeTarget section */

/* Begin PBXProject section */
		D39D18F72F60B4AE00BE602F /* Project object */ = {
			isa = PBXProject;
			attributes = {
				BuildIndependentTargetsInParallel = 1;
				LastSwiftUpdateCheck = 2600;
				LastUpgradeCheck = 2600;
				TargetAttributes = {
					AA001A052F60B4AE00BE602F = {
						CreatedOnToolsVersion = 26.0;
					};
					BB001A052F70000000BE602F = {
						CreatedOnToolsVersion = 26.0;
					};
					CC001A052F70000000BE602F = {
						CreatedOnToolsVersion = 26.0;
					};
					D39D18FE2F60B4AE00BE602F = {
						CreatedOnToolsVersion = 26.0;
					};
				};
			};
			buildConfigurationList = D39D18FA2F60B4AE00BE602F /* Build configuration list for PBXProject "Dreaming spanish widget" */;
			developmentRegion = en;
			hasScannedForEncodings = 0;
			knownRegions = (
				en,
				Base,
			);
			mainGroup = D39D18F62F60B4AE00BE602F;
			minimizedProjectReferenceProxies = 1;
			preferredProjectObjectVersion = 77;
			productRefGroup = D39D19002F60B4AE00BE602F /* Products */;
			projectDirPath = "";
			projectRoot = "";
			targets = (
				D39D18FE2F60B4AE00BE602F /* Dreaming spanish widget */,
				AA001A052F60B4AE00BE602F /* DreamingWidget */,
				BB001A052F70000000BE602F /* DreamingWatchApp */,
				CC001A052F70000000BE602F /* DreamingWatchWidget */,
			);
		};
/* End PBXProject section */

/* Begin PBXResourcesBuildPhase section */
		AA001A042F60B4AE00BE602F /* Resources */ = {
			isa = PBXResourcesBuildPhase;
			buildActionMask = 2147483647;
			files = (
			);
			runOnlyForDeploymentPostprocessing = 0;
		};
		BB001A042F70000000BE602F /* Resources */ = {
			isa = PBXResourcesBuildPhase;
			buildActionMask = 2147483647;
			files = (
			);
			runOnlyForDeploymentPostprocessing = 0;
		};
		CC001A042F70000000BE602F /* Resources */ = {
			isa = PBXResourcesBuildPhase;
			buildActionMask = 2147483647;
			files = (
			);
			runOnlyForDeploymentPostprocessing = 0;
		};
		D39D18FD2F60B4AE00BE602F /* Resources */ = {
			isa = PBXResourcesBuildPhase;
			buildActionMask = 2147483647;
			files = (
			);
			runOnlyForDeploymentPostprocessing = 0;
		};
/* End PBXResourcesBuildPhase section */

/* Begin PBXShellScriptBuildPhase section */
		AA001A0F2F60B4AE00BE602F /* Inject NSExtension into Info.plist */ = {
			isa = PBXShellScriptBuildPhase;
			buildActionMask = 2147483647;
			files = (
			);
			inputFileListPaths = (
			);
			inputPaths = (
			);
			name = "Inject NSExtension into Info.plist";
			outputFileListPaths = (
			);
			outputPaths = (
			);
			runOnlyForDeploymentPostprocessing = 0;
			shellPath = /bin/sh;
			shellScript = "INFO_PLIST=\"${BUILT_PRODUCTS_DIR}/${INFOPLIST_PATH}\"\nif /usr/libexec/PlistBuddy -c \"Print :NSExtension\" \"${INFO_PLIST}\" 2>/dev/null; then\n    echo \"NSExtension already present, skipping\"\nelse\n    /usr/libexec/PlistBuddy -c \"Add :NSExtension dict\" \"${INFO_PLIST}\"\n    /usr/libexec/PlistBuddy -c \"Add :NSExtension:NSExtensionPointIdentifier string com.apple.widgetkit-extension\" \"${INFO_PLIST}\"\n    echo \"Injected NSExtension into Info.plist\"\nfi\n";
		};
		CC001A0A2F70000000BE602F /* Inject NSExtension into Info.plist */ = {
			isa = PBXShellScriptBuildPhase;
			buildActionMask = 2147483647;
			files = (
			);
			inputFileListPaths = (
			);
			inputPaths = (
			);
			name = "Inject NSExtension into Info.plist";
			outputFileListPaths = (
			);
			outputPaths = (
			);
			runOnlyForDeploymentPostprocessing = 0;
			shellPath = /bin/sh;
			shellScript = "INFO_PLIST=\"${BUILT_PRODUCTS_DIR}/${INFOPLIST_PATH}\"\nif /usr/libexec/PlistBuddy -c \"Print :NSExtension\" \"${INFO_PLIST}\" 2>/dev/null; then\n    echo \"NSExtension already present, skipping\"\nelse\n    /usr/libexec/PlistBuddy -c \"Add :NSExtension dict\" \"${INFO_PLIST}\"\n    /usr/libexec/PlistBuddy -c \"Add :NSExtension:NSExtensionPointIdentifier string com.apple.widgetkit-extension\" \"${INFO_PLIST}\"\n    echo \"Injected NSExtension into Info.plist\"\nfi\n";
		};
/* End PBXShellScriptBuildPhase section */

/* Begin PBXSourcesBuildPhase section */
		AA001A022F60B4AE00BE602F /* Sources */ = {
			isa = PBXSourcesBuildPhase;
			buildActionMask = 2147483647;
			files = (
			);
			runOnlyForDeploymentPostprocessing = 0;
		};
		BB001A022F70000000BE602F /* Sources */ = {
			isa = PBXSourcesBuildPhase;
			buildActionMask = 2147483647;
			files = (
			);
			runOnlyForDeploymentPostprocessing = 0;
		};
		CC001A022F70000000BE602F /* Sources */ = {
			isa = PBXSourcesBuildPhase;
			buildActionMask = 2147483647;
			files = (
			);
			runOnlyForDeploymentPostprocessing = 0;
		};
		D39D18FB2F60B4AE00BE602F /* Sources */ = {
			isa = PBXSourcesBuildPhase;
			buildActionMask = 2147483647;
			files = (
			);
			runOnlyForDeploymentPostprocessing = 0;
		};
/* End PBXSourcesBuildPhase section */

/* Begin PBXTargetDependency section */
		AA001A0A2F60B4AE00BE602F /* PBXTargetDependency */ = {
			isa = PBXTargetDependency;
			target = AA001A052F60B4AE00BE602F /* DreamingWidget */;
			targetProxy = AA001A092F60B4AE00BE602F /* PBXContainerItemProxy */;
		};
		BB001A0B2F70000000BE602F /* PBXTargetDependency */ = {
			isa = PBXTargetDependency;
			target = CC001A052F70000000BE602F /* DreamingWatchWidget */;
			targetProxy = BB001A0C2F70000000BE602F /* PBXContainerItemProxy */;
		};
		EE001A062F70000000BE602F /* PBXTargetDependency */ = {
			isa = PBXTargetDependency;
			target = BB001A052F70000000BE602F /* DreamingWatchApp */;
			targetProxy = EE001A072F70000000BE602F /* PBXContainerItemProxy */;
		};
/* End PBXTargetDependency section */

/* Begin XCBuildConfiguration section */
		AA001A062F60B4AE00BE602F /* Debug */ = {
			isa = XCBuildConfiguration;
			buildSettings = {
				APPLICATION_EXTENSION_API_ONLY = YES;
				CODE_SIGN_ENTITLEMENTS = DreamingWidget/DreamingWidget.entitlements;
				CODE_SIGN_STYLE = Automatic;
				CURRENT_PROJECT_VERSION = 1;
				DEVELOPMENT_TEAM = T2X99L9XGN;
				ENABLE_PREVIEWS = YES;
				ENABLE_USER_SCRIPT_SANDBOXING = NO;
				GENERATE_INFOPLIST_FILE = YES;
				INFOPLIST_KEY_NSExtensionWidgetWantsSizeLargerThanScreen = NO;
				IPHONEOS_DEPLOYMENT_TARGET = 26.0;
				LD_RUNPATH_SEARCH_PATHS = (
					"$(inherited)",
					"@executable_path/Frameworks",
					"@executable_path/../../Frameworks",
				);
				MARKETING_VERSION = 1.0;
				PRODUCT_BUNDLE_IDENTIFIER = com.mohamedali.horas.DreamingWidget;
				PRODUCT_NAME = DreamingWidget;
				SDKROOT = iphoneos;
				SKIP_INSTALL = YES;
				SWIFT_APPROACHABLE_CONCURRENCY = YES;
				SWIFT_DEFAULT_ACTOR_ISOLATION = MainActor;
				SWIFT_VERSION = 5.0;
				TARGETED_DEVICE_FAMILY = "1,2";
			};
			name = Debug;
		};
		AA001A072F60B4AE00BE602F /* Release */ = {
			isa = XCBuildConfiguration;
			buildSettings = {
				APPLICATION_EXTENSION_API_ONLY = YES;
				CODE_SIGN_ENTITLEMENTS = DreamingWidget/DreamingWidget.entitlements;
				CODE_SIGN_STYLE = Automatic;
				CURRENT_PROJECT_VERSION = 1;
				DEVELOPMENT_TEAM = T2X99L9XGN;
				ENABLE_PREVIEWS = YES;
				ENABLE_USER_SCRIPT_SANDBOXING = NO;
				GENERATE_INFOPLIST_FILE = YES;
				INFOPLIST_KEY_NSExtensionWidgetWantsSizeLargerThanScreen = NO;
				IPHONEOS_DEPLOYMENT_TARGET = 26.0;
				LD_RUNPATH_SEARCH_PATHS = (
					"$(inherited)",
					"@executable_path/Frameworks",
					"@executable_path/../../Frameworks",
				);
				MARKETING_VERSION = 1.0;
				PRODUCT_BUNDLE_IDENTIFIER = com.mohamedali.horas.DreamingWidget;
				PRODUCT_NAME = DreamingWidget;
				SDKROOT = iphoneos;
				SKIP_INSTALL = YES;
				SWIFT_APPROACHABLE_CONCURRENCY = YES;
				SWIFT_DEFAULT_ACTOR_ISOLATION = MainActor;
				SWIFT_VERSION = 5.0;
				TARGETED_DEVICE_FAMILY = "1,2";
			};
			name = Release;
		};
		BB001A062F70000000BE602F /* Debug */ = {
			isa = XCBuildConfiguration;
			buildSettings = {
				ASSETCATALOG_COMPILER_APPICON_NAME = AppIcon;
				CODE_SIGN_ENTITLEMENTS = DreamingWatchApp/DreamingWatchApp.entitlements;
				CODE_SIGN_STYLE = Automatic;
				CURRENT_PROJECT_VERSION = 1;
				DEVELOPMENT_TEAM = T2X99L9XGN;
				ENABLE_PREVIEWS = YES;
				GENERATE_INFOPLIST_FILE = YES;
				INFOPLIST_KEY_CFBundleDisplayName = Horas;
				INFOPLIST_KEY_WKCompanionAppBundleIdentifier = com.mohamedali.horas;
				MARKETING_VERSION = 1.0;
				PRODUCT_BUNDLE_IDENTIFIER = com.mohamedali.horas.watchkitapp;
				PRODUCT_NAME = "$(TARGET_NAME)";
				SDKROOT = watchos;
				SKIP_INSTALL = NO;
				SWIFT_APPROACHABLE_CONCURRENCY = YES;
				SWIFT_DEFAULT_ACTOR_ISOLATION = MainActor;
				SWIFT_VERSION = 5.0;
				TARGETED_DEVICE_FAMILY = 4;
				WATCHOS_DEPLOYMENT_TARGET = 11.0;
			};
			name = Debug;
		};
		BB001A072F70000000BE602F /* Release */ = {
			isa = XCBuildConfiguration;
			buildSettings = {
				ASSETCATALOG_COMPILER_APPICON_NAME = AppIcon;
				CODE_SIGN_ENTITLEMENTS = DreamingWatchApp/DreamingWatchApp.entitlements;
				CODE_SIGN_STYLE = Automatic;
				CURRENT_PROJECT_VERSION = 1;
				DEVELOPMENT_TEAM = T2X99L9XGN;
				ENABLE_PREVIEWS = YES;
				GENERATE_INFOPLIST_FILE = YES;
				INFOPLIST_KEY_CFBundleDisplayName = Horas;
				INFOPLIST_KEY_WKCompanionAppBundleIdentifier = com.mohamedali.horas;
				MARKETING_VERSION = 1.0;
				PRODUCT_BUNDLE_IDENTIFIER = com.mohamedali.horas.watchkitapp;
				PRODUCT_NAME = "$(TARGET_NAME)";
				SDKROOT = watchos;
				SKIP_INSTALL = NO;
				SWIFT_APPROACHABLE_CONCURRENCY = YES;
				SWIFT_DEFAULT_ACTOR_ISOLATION = MainActor;
				SWIFT_VERSION = 5.0;
				TARGETED_DEVICE_FAMILY = 4;
				WATCHOS_DEPLOYMENT_TARGET = 11.0;
			};
			name = Release;
		};
		CC001A062F70000000BE602F /* Debug */ = {
			isa = XCBuildConfiguration;
			buildSettings = {
				APPLICATION_EXTENSION_API_ONLY = YES;
				CODE_SIGN_ENTITLEMENTS = DreamingWatchWidget/DreamingWatchWidget.entitlements;
				CODE_SIGN_STYLE = Automatic;
				CURRENT_PROJECT_VERSION = 1;
				DEVELOPMENT_TEAM = T2X99L9XGN;
				ENABLE_PREVIEWS = YES;
				ENABLE_USER_SCRIPT_SANDBOXING = NO;
				GENERATE_INFOPLIST_FILE = YES;
				INFOPLIST_KEY_NSExtensionWidgetWantsSizeLargerThanScreen = NO;
				LD_RUNPATH_SEARCH_PATHS = (
					"$(inherited)",
					"@executable_path/Frameworks",
					"@executable_path/../../Frameworks",
				);
				MARKETING_VERSION = 1.0;
				PRODUCT_BUNDLE_IDENTIFIER = com.mohamedali.horas.watchkitapp.DreamingWatchWidget;
				PRODUCT_NAME = DreamingWatchWidget;
				SDKROOT = watchos;
				SKIP_INSTALL = YES;
				SWIFT_APPROACHABLE_CONCURRENCY = YES;
				SWIFT_DEFAULT_ACTOR_ISOLATION = MainActor;
				SWIFT_VERSION = 5.0;
				TARGETED_DEVICE_FAMILY = 4;
				WATCHOS_DEPLOYMENT_TARGET = 11.0;
			};
			name = Debug;
		};
		CC001A072F70000000BE602F /* Release */ = {
			isa = XCBuildConfiguration;
			buildSettings = {
				APPLICATION_EXTENSION_API_ONLY = YES;
				CODE_SIGN_ENTITLEMENTS = DreamingWatchWidget/DreamingWatchWidget.entitlements;
				CODE_SIGN_STYLE = Automatic;
				CURRENT_PROJECT_VERSION = 1;
				DEVELOPMENT_TEAM = T2X99L9XGN;
				ENABLE_PREVIEWS = YES;
				ENABLE_USER_SCRIPT_SANDBOXING = NO;
				GENERATE_INFOPLIST_FILE = YES;
				INFOPLIST_KEY_NSExtensionWidgetWantsSizeLargerThanScreen = NO;
				LD_RUNPATH_SEARCH_PATHS = (
					"$(inherited)",
					"@executable_path/Frameworks",
					"@executable_path/../../Frameworks",
				);
				MARKETING_VERSION = 1.0;
				PRODUCT_BUNDLE_IDENTIFIER = com.mohamedali.horas.watchkitapp.DreamingWatchWidget;
				PRODUCT_NAME = DreamingWatchWidget;
				SDKROOT = watchos;
				SKIP_INSTALL = YES;
				SWIFT_APPROACHABLE_CONCURRENCY = YES;
				SWIFT_DEFAULT_ACTOR_ISOLATION = MainActor;
				SWIFT_VERSION = 5.0;
				TARGETED_DEVICE_FAMILY = 4;
				WATCHOS_DEPLOYMENT_TARGET = 11.0;
			};
			name = Release;
		};
		D39D19082F60B4AF00BE602F /* Debug */ = {
			isa = XCBuildConfiguration;
			buildSettings = {
				ALWAYS_SEARCH_USER_PATHS = NO;
				ASSETCATALOG_COMPILER_GENERATE_SWIFT_ASSET_SYMBOL_EXTENSIONS = YES;
				CLANG_ANALYZER_NONNULL = YES;
				CLANG_ANALYZER_NUMBER_OBJECT_CONVERSION = YES_AGGRESSIVE;
				CLANG_CXX_LANGUAGE_STANDARD = "gnu++20";
				CLANG_ENABLE_MODULES = YES;
				CLANG_ENABLE_OBJC_ARC = YES;
				CLANG_ENABLE_OBJC_WEAK = YES;
				CLANG_WARN_BLOCK_CAPTURE_AUTORELEASING = YES;
				CLANG_WARN_BOOL_CONVERSION = YES;
				CLANG_WARN_COMMA = YES;
				CLANG_WARN_CONSTANT_CONVERSION = YES;
				CLANG_WARN_DEPRECATED_OBJC_IMPLEMENTATIONS = YES;
				CLANG_WARN_DIRECT_OBJC_ISA_USAGE = YES_ERROR;
				CLANG_WARN_DOCUMENTATION_COMMENTS = YES;
				CLANG_WARN_EMPTY_BODY = YES;
				CLANG_WARN_ENUM_CONVERSION = YES;
				CLANG_WARN_INFINITE_RECURSION = YES;
				CLANG_WARN_INT_CONVERSION = YES;
				CLANG_WARN_NON_LITERAL_NULL_CONVERSION = YES;
				CLANG_WARN_OBJC_IMPLICIT_RETAIN_SELF = YES;
				CLANG_WARN_OBJC_LITERAL_CONVERSION = YES;
				CLANG_WARN_OBJC_ROOT_CLASS = YES_ERROR;
				CLANG_WARN_QUOTED_INCLUDE_IN_FRAMEWORK_HEADER = YES;
				CLANG_WARN_RANGE_LOOP_ANALYSIS = YES;
				CLANG_WARN_STRICT_PROTOTYPES = YES;
				CLANG_WARN_SUSPICIOUS_MOVE = YES;
				CLANG_WARN_UNGUARDED_AVAILABILITY = YES_AGGRESSIVE;
				CLANG_WARN_UNREACHABLE_CODE = YES;
				CLANG_WARN__DUPLICATE_METHOD_MATCH = YES;
				COPY_PHASE_STRIP = NO;
				DEBUG_INFORMATION_FORMAT = dwarf;
				ENABLE_STRICT_OBJC_MSGSEND = YES;
				ENABLE_TESTABILITY = YES;
				ENABLE_USER_SCRIPT_SANDBOXING = YES;
				GCC_C_LANGUAGE_STANDARD = gnu17;
				GCC_DYNAMIC_NO_PIC = NO;
				GCC_NO_COMMON_BLOCKS = YES;
				GCC_OPTIMIZATION_LEVEL = 0;
				GCC_PREPROCESSOR_DEFINITIONS = (
					"DEBUG=1",
					"$(inherited)",
				);
				GCC_WARN_64_TO_32_BIT_CONVERSION = YES;
				GCC_WARN_ABOUT_RETURN_TYPE = YES_ERROR;
				GCC_WARN_UNDECLARED_SELECTOR = YES;
				GCC_WARN_UNINITIALIZED_AUTOS = YES_AGGRESSIVE;
				GCC_WARN_UNUSED_FUNCTION = YES;
				GCC_WARN_UNUSED_VARIABLE = YES;
				IPHONEOS_DEPLOYMENT_TARGET = 26.0;
				LOCALIZATION_PREFERS_STRING_CATALOGS = YES;
				MTL_ENABLE_DEBUG_INFO = INCLUDE_SOURCE;
				MTL_FAST_MATH = YES;
				ONLY_ACTIVE_ARCH = YES;
				SDKROOT = iphoneos;
				SWIFT_ACTIVE_COMPILATION_CONDITIONS = "DEBUG $(inherited)";
				SWIFT_OPTIMIZATION_LEVEL = "-Onone";
			};
			name = Debug;
		};
		D39D19092F60B4AF00BE602F /* Release */ = {
			isa = XCBuildConfiguration;
			buildSettings = {
				ALWAYS_SEARCH_USER_PATHS = NO;
				ASSETCATALOG_COMPILER_GENERATE_SWIFT_ASSET_SYMBOL_EXTENSIONS = YES;
				CLANG_ANALYZER_NONNULL = YES;
				CLANG_ANALYZER_NUMBER_OBJECT_CONVERSION = YES_AGGRESSIVE;
				CLANG_CXX_LANGUAGE_STANDARD = "gnu++20";
				CLANG_ENABLE_MODULES = YES;
				CLANG_ENABLE_OBJC_ARC = YES;
				CLANG_ENABLE_OBJC_WEAK = YES;
				CLANG_WARN_BLOCK_CAPTURE_AUTORELEASING = YES;
				CLANG_WARN_BOOL_CONVERSION = YES;
				CLANG_WARN_COMMA = YES;
				CLANG_WARN_CONSTANT_CONVERSION = YES;
				CLANG_WARN_DEPRECATED_OBJC_IMPLEMENTATIONS = YES;
				CLANG_WARN_DIRECT_OBJC_ISA_USAGE = YES_ERROR;
				CLANG_WARN_DOCUMENTATION_COMMENTS = YES;
				CLANG_WARN_EMPTY_BODY = YES;
				CLANG_WARN_ENUM_CONVERSION = YES;
				CLANG_WARN_INFINITE_RECURSION = YES;
				CLANG_WARN_INT_CONVERSION = YES;
				CLANG_WARN_NON_LITERAL_NULL_CONVERSION = YES;
				CLANG_WARN_OBJC_IMPLICIT_RETAIN_SELF = YES;
				CLANG_WARN_OBJC_LITERAL_CONVERSION = YES;
				CLANG_WARN_OBJC_ROOT_CLASS = YES_ERROR;
				CLANG_WARN_QUOTED_INCLUDE_IN_FRAMEWORK_HEADER = YES;
				CLANG_WARN_RANGE_LOOP_ANALYSIS = YES;
				CLANG_WARN_STRICT_PROTOTYPES = YES;
				CLANG_WARN_SUSPICIOUS_MOVE = YES;
				CLANG_WARN_UNGUARDED_AVAILABILITY = YES_AGGRESSIVE;
				CLANG_WARN_UNREACHABLE_CODE = YES;
				CLANG_WARN__DUPLICATE_METHOD_MATCH = YES;
				COPY_PHASE_STRIP = NO;
				DEBUG_INFORMATION_FORMAT = "dwarf-with-dsym";
				ENABLE_NS_ASSERTIONS = NO;
				ENABLE_STRICT_OBJC_MSGSEND = YES;
				ENABLE_USER_SCRIPT_SANDBOXING = YES;
				GCC_C_LANGUAGE_STANDARD = gnu17;
				GCC_NO_COMMON_BLOCKS = YES;
				GCC_WARN_64_TO_32_BIT_CONVERSION = YES;
				GCC_WARN_ABOUT_RETURN_TYPE = YES_ERROR;
				GCC_WARN_UNDECLARED_SELECTOR = YES;
				GCC_WARN_UNINITIALIZED_AUTOS = YES_AGGRESSIVE;
				GCC_WARN_UNUSED_FUNCTION = YES;
				GCC_WARN_UNUSED_VARIABLE = YES;
				IPHONEOS_DEPLOYMENT_TARGET = 26.0;
				LOCALIZATION_PREFERS_STRING_CATALOGS = YES;
				MTL_ENABLE_DEBUG_INFO = NO;
				MTL_FAST_MATH = YES;
				SDKROOT = iphoneos;
				SWIFT_COMPILATION_MODE = wholemodule;
				VALIDATE_PRODUCT = YES;
			};
			name = Release;
		};
		D39D190B2F60B4AF00BE602F /* Debug */ = {
			isa = XCBuildConfiguration;
			buildSettings = {
				ASSETCATALOG_COMPILER_APPICON_NAME = AppIcon;
				ASSETCATALOG_COMPILER_GLOBAL_ACCENT_COLOR_NAME = AccentColor;
				CODE_SIGN_ENTITLEMENTS = "Dreaming spanish widget/Dreaming_spanis_widget.entitlements";
				CODE_SIGN_STYLE = Automatic;
				CURRENT_PROJECT_VERSION = 1;
				DEVELOPMENT_TEAM = T2X99L9XGN;
				ENABLE_PREVIEWS = YES;
				GENERATE_INFOPLIST_FILE = YES;
				INFOPLIST_KEY_CFBundleDisplayName = Horas;
				INFOPLIST_KEY_UIApplicationSceneManifest_Generation = YES;
				INFOPLIST_KEY_UIApplicationSupportsIndirectInputEvents = YES;
				INFOPLIST_KEY_UILaunchScreen_Generation = YES;
				INFOPLIST_KEY_UISupportedInterfaceOrientations_iPad = "UIInterfaceOrientationPortrait UIInterfaceOrientationPortraitUpsideDown UIInterfaceOrientationLandscapeLeft UIInterfaceOrientationLandscapeRight";
				INFOPLIST_KEY_UISupportedInterfaceOrientations_iPhone = "UIInterfaceOrientationPortrait UIInterfaceOrientationLandscapeLeft UIInterfaceOrientationLandscapeRight";
				LD_RUNPATH_SEARCH_PATHS = (
					"$(inherited)",
					"@executable_path/Frameworks",
				);
				MARKETING_VERSION = 1.0;
				PRODUCT_BUNDLE_IDENTIFIER = com.mohamedali.horas;
				PRODUCT_NAME = "$(TARGET_NAME)";
				STRING_CATALOG_GENERATE_SYMBOLS = YES;
				SWIFT_APPROACHABLE_CONCURRENCY = YES;
				SWIFT_DEFAULT_ACTOR_ISOLATION = MainActor;
				SWIFT_EMIT_LOC_STRINGS = YES;
				SWIFT_UPCOMING_FEATURE_MEMBER_IMPORT_VISIBILITY = YES;
				SWIFT_VERSION = 5.0;
				TARGETED_DEVICE_FAMILY = "1,2";
			};
			name = Debug;
		};
		D39D190C2F60B4AF00BE602F /* Release */ = {
			isa = XCBuildConfiguration;
			buildSettings = {
				ASSETCATALOG_COMPILER_APPICON_NAME = AppIcon;
				ASSETCATALOG_COMPILER_GLOBAL_ACCENT_COLOR_NAME = AccentColor;
				CODE_SIGN_ENTITLEMENTS = "Dreaming spanish widget/Dreaming_spanis_widget.entitlements";
				CODE_SIGN_STYLE = Automatic;
				CURRENT_PROJECT_VERSION = 1;
				DEVELOPMENT_TEAM = T2X99L9XGN;
				ENABLE_PREVIEWS = YES;
				GENERATE_INFOPLIST_FILE = YES;
				INFOPLIST_KEY_CFBundleDisplayName = Horas;
				INFOPLIST_KEY_UIApplicationSceneManifest_Generation = YES;
				INFOPLIST_KEY_UIApplicationSupportsIndirectInputEvents = YES;
				INFOPLIST_KEY_UILaunchScreen_Generation = YES;
				INFOPLIST_KEY_UISupportedInterfaceOrientations_iPad = "UIInterfaceOrientationPortrait UIInterfaceOrientationPortraitUpsideDown UIInterfaceOrientationLandscapeLeft UIInterfaceOrientationLandscapeRight";
				INFOPLIST_KEY_UISupportedInterfaceOrientations_iPhone = "UIInterfaceOrientationPortrait UIInterfaceOrientationLandscapeLeft UIInterfaceOrientationLandscapeRight";
				LD_RUNPATH_SEARCH_PATHS = (
					"$(inherited)",
					"@executable_path/Frameworks",
				);
				MARKETING_VERSION = 1.0;
				PRODUCT_BUNDLE_IDENTIFIER = com.mohamedali.horas;
				PRODUCT_NAME = "$(TARGET_NAME)";
				STRING_CATALOG_GENERATE_SYMBOLS = YES;
				SWIFT_APPROACHABLE_CONCURRENCY = YES;
				SWIFT_DEFAULT_ACTOR_ISOLATION = MainActor;
				SWIFT_EMIT_LOC_STRINGS = YES;
				SWIFT_UPCOMING_FEATURE_MEMBER_IMPORT_VISIBILITY = YES;
				SWIFT_VERSION = 5.0;
				TARGETED_DEVICE_FAMILY = "1,2";
			};
			name = Release;
		};
/* End XCBuildConfiguration section */

/* Begin XCConfigurationList section */
		AA001A082F60B4AE00BE602F /* Build configuration list for PBXNativeTarget "DreamingWidget" */ = {
			isa = XCConfigurationList;
			buildConfigurations = (
				AA001A062F60B4AE00BE602F /* Debug */,
				AA001A072F60B4AE00BE602F /* Release */,
			);
			defaultConfigurationIsVisible = 0;
			defaultConfigurationName = Release;
		};
		BB001A082F70000000BE602F /* Build configuration list for PBXNativeTarget "DreamingWatchApp" */ = {
			isa = XCConfigurationList;
			buildConfigurations = (
				BB001A062F70000000BE602F /* Debug */,
				BB001A072F70000000BE602F /* Release */,
			);
			defaultConfigurationIsVisible = 0;
			defaultConfigurationName = Release;
		};
		CC001A082F70000000BE602F /* Build configuration list for PBXNativeTarget "DreamingWatchWidget" */ = {
			isa = XCConfigurationList;
			buildConfigurations = (
				CC001A062F70000000BE602F /* Debug */,
				CC001A072F70000000BE602F /* Release */,
			);
			defaultConfigurationIsVisible = 0;
			defaultConfigurationName = Release;
		};
		D39D18FA2F60B4AE00BE602F /* Build configuration list for PBXProject "Dreaming spanish widget" */ = {
			isa = XCConfigurationList;
			buildConfigurations = (
				D39D19082F60B4AF00BE602F /* Debug */,
				D39D19092F60B4AF00BE602F /* Release */,
			);
			defaultConfigurationIsVisible = 0;
			defaultConfigurationName = Release;
		};
		D39D190A2F60B4AF00BE602F /* Build configuration list for PBXNativeTarget "Dreaming spanish widget" */ = {
			isa = XCConfigurationList;
			buildConfigurations = (
				D39D190B2F60B4AF00BE602F /* Debug */,
				D39D190C2F60B4AF00BE602F /* Release */,
			);
			defaultConfigurationIsVisible = 0;
			defaultConfigurationName = Release;
		};
/* End XCConfigurationList section */
	};
	rootObject = D39D18F72F60B4AE00BE602F /* Project object */;
}
